
Microsoft Visual Studio Solution File, Format Version 12.00
# Visual Studio Version 17
VisualStudioVersion = 17.3.32825.248
MinimumVisualStudioVersion = 10.0.40219.1
Project("{FAE04EC0-301F-11D3-BF4B-00C04F79EFBC}") = "2.1", "作业2\2.1.csproj", "{9C2F1793-D7E0-4D7B-B7F7-B67966BE5E17}"
EndProject
Project("{FAE04EC0-301F-11D3-BF4B-00C04F79EFBC}") = "2", "2\2.csproj", "{B2D271F2-501D-4C5B-8E8F-06FFFFF6BFF4}"
EndProject
Project("{FAE04EC0-301F-11D3-BF4B-00C04F79EFBC}") = "3", "3\3.csproj", "{915154A4-5DD2-47A9-95F5-0937CF3C12AB}"
EndProject
Project("{FAE04EC0-301F-11D3-BF4B-00C04F79EFBC}") = "4", "4\4.csproj", "{72833FC0-F04D-4E9F-BC63-B937E5B69402}"
EndProject
Project("{FAE04EC0-301F-11D3-BF4B-00C04F79EFBC}") = "5", "5\5.csproj", "{AB3C70F3-331D-4F05-B306-D0680D49004C}"
EndProject
Project("{FAE04EC0-301F-11D3-BF4B-00C04F79EFBC}") = "6", "6\6.csproj", "{A5D265EA-D977-41C9-9E83-54749D9FF786}"
EndProject
Project("{FAE04EC0-301F-11D3-BF4B-00C04F79EFBC}") = "7", "7\7.csproj", "{163AC3A2-F776-495D-9CA0-197598D8968B}"
EndProject
Project("{FAE04EC0-301F-11D3-BF4B-00C04F79EFBC}") = "8", "8\8.csproj", "{6D1DBA91-814E-4B3F-AAF0-28648EB18602}"
EndProject
Project("{FAE04EC0-301F-11D3-BF4B-00C04F79EFBC}") = "9", "9\9.csproj", "{19E1EBBD-E885-4A7B-AAB8-C3214390E424}"
EndProject
Project("{FAE04EC0-301F-11D3-BF4B-00C04F79EFBC}") = "10", "10\10.csproj", "{CF4E5E28-46D0-4D6A-BE56-39BFDE5BCE33}"
EndProject
Global
	GlobalSection(SolutionConfigurationPlatforms) = preSolution
		Debug|Any CPU = Debug|Any CPU
		Release|Any CPU = Release|Any CPU
	EndGlobalSection
	GlobalSection(ProjectConfigurationPlatforms) = postSolution
		{9C2F1793-D7E0-4D7B-B7F7-B67966BE5E17}.Debug|Any CPU.ActiveCfg = Debug|Any CPU
		{9C2F1793-D7E0-4D7B-B7F7-B67966BE5E17}.Debug|Any CPU.Build.0 = Debug|Any CPU
		{9C2F1793-D7E0-4D7B-B7F7-B67966BE5E17}.Release|Any CPU.ActiveCfg = Release|Any CPU
		{9C2F1793-D7E0-4D7B-B7F7-B67966BE5E17}.Release|Any CPU.Build.0 = Release|Any CPU
		{B2D271F2-501D-4C5B-8E8F-06FFFFF6BFF4}.Debug|Any CPU.ActiveCfg = Debug|Any CPU
		{B2D271F2-501D-4C5B-8E8F-06FFFFF6BFF4}.Debug|Any CPU.Build.0 = Debug|Any CPU
		{B2D271F2-501D-4C5B-8E8F-06FFFFF6BFF4}.Release|Any CPU.ActiveCfg = Release|Any CPU
		{B2D271F2-501D-4C5B-8E8F-06FFFFF6BFF4}.Release|Any CPU.Build.0 = Release|Any CPU
		{915154A4-5DD2-47A9-95F5-0937CF3C12AB}.Debug|Any CPU.ActiveCfg = Debug|Any CPU
		{915154A4-5DD2-47A9-95F5-0937CF3C12AB}.Debug|Any CPU.Build.0 = Debug|Any CPU
		{915154A4-5DD2-47A9-95F5-0937CF3C12AB}.Release|Any CPU.ActiveCfg = Release|Any CPU
		{915154A4-5DD2-47A9-95F5-0937CF3C12AB}.Release|Any CPU.Build.0 = Release|Any CPU
		{72833FC0-F04D-4E9F-BC63-B937E5B69402}.Debug|Any CPU.ActiveCfg = Debug|Any CPU
		{72833FC0-F04D-4E9F-BC63-B937E5B69402}.Debug|Any CPU.Build.0 = Debug|Any CPU
		{72833FC0-F04D-4E9F-BC63-B937E5B69402}.Release|Any CPU.ActiveCfg = Release|Any CPU
		{72833FC0-F04D-4E9F-BC63-B937E5B69402}.Release|Any CPU.Build.0 = Release|Any CPU
		{AB3C70F3-331D-4F05-B306-D0680D49004C}.Debug|Any CPU.ActiveCfg = Debug|Any CPU
		{AB3C70F3-331D-4F05-B306-D0680D49004C}.Debug|Any CPU.Build.0 = Debug|Any CPU
		{AB3C70F3-331D-4F05-B306-D0680D49004C}.Release|Any CPU.ActiveCfg = Release|Any CPU
		{AB3C70F3-331D-4F05-B306-D0680D49004C}.Release|Any CPU.Build.0 = Release|Any CPU
		{A5D265EA-D977-41C9-9E83-54749D9FF786}.Debug|Any CPU.ActiveCfg = Debug|Any CPU
		{A5D265EA-D977-41C9-9E83-54749D9FF786}.Debug|Any CPU.Build.0 = Debug|Any CPU
		{A5D265EA-D977-41C9-9E83-54749D9FF786}.Release|Any CPU.ActiveCfg = Release|Any CPU
		{A5D265EA-D977-41C9-9E83-54749D9FF786}.Release|Any CPU.Build.0 = Release|Any CPU
		{163AC3A2-F776-495D-9CA0-197598D8968B}.Debug|Any CPU.ActiveCfg = Debug|Any CPU
		{163AC3A2-F776-495D-9CA0-197598D8968B}.Debug|Any CPU.Build.0 = Debug|Any CPU
		{163AC3A2-F776-495D-9CA0-197598D8968B}.Release|Any CPU.ActiveCfg = Release|Any CPU
		{163AC3A2-F776-495D-9CA0-197598D8968B}.Release|Any CPU.Build.0 = Release|Any CPU
		{6D1DBA91-814E-4B3F-AAF0-28648EB18602}.Debug|Any CPU.ActiveCfg = Debug|Any CPU
		{6D1DBA91-814E-4B3F-AAF0-28648EB18602}.Debug|Any CPU.Build.0 = Debug|Any CPU
		{6D1DBA91-814E-4B3F-AAF0-28648EB18602}.Release|Any CPU.ActiveCfg = Release|Any CPU
		{6D1DBA91-814E-4B3F-AAF0-28648EB18602}.Release|Any CPU.Build.0 = Release|Any CPU
		{19E1EBBD-E885-4A7B-AAB8-C3214390E424}.Debug|Any CPU.ActiveCfg = Debug|Any CPU
		{19E1EBBD-E885-4A7B-AAB8-C3214390E424}.Debug|Any CPU.Build.0 = Debug|Any CPU
		{19E1EBBD-E885-4A7B-AAB8-C3214390E424}.Release|Any CPU.ActiveCfg = Release|Any CPU
		{19E1EBBD-E885-4A7B-AAB8-C3214390E424}.Release|Any CPU.Build.0 = Release|Any CPU
		{CF4E5E28-46D0-4D6A-BE56-39BFDE5BCE33}.Debug|Any CPU.ActiveCfg = Debug|Any CPU
		{CF4E5E28-46D0-4D6A-BE56-39BFDE5BCE33}.Debug|Any CPU.Build.0 = Debug|Any CPU
		{CF4E5E28-46D0-4D6A-BE56-39BFDE5BCE33}.Release|Any CPU.ActiveCfg = Release|Any CPU
		{CF4E5E28-46D0-4D6A-BE56-39BFDE5BCE33}.Release|Any CPU.Build.0 = Release|Any CPU
	EndGlobalSection
	GlobalSection(SolutionProperties) = preSolution
		HideSolutionNode = FALSE
	EndGlobalSection
	GlobalSection(ExtensibilityGlobals) = postSolution
		SolutionGuid = {877F9C63-0FCD-4EC5-8F59-69B15674B813}
	EndGlobalSection
EndGlobal
